
Microsoft Visual Studio Solution File, Format Version 12.00
# Visual Studio 2012
Project("{FAE04EC0-301F-11D3-BF4B-00C04F79EFBC}") = "DockingManagerMVVM", "DockingManagerMVVM.csproj", "{22E9AA9B-CE97-4640-BC1E-F206FF43A613}"
EndProject
Project("{FAE04EC0-301F-11D3-BF4B-00C04F79EFBC}") = "DockingAdapterMVVM", "..\DockingAdapterMVVM\DockingAdapterMVVM.csproj", "{49CCE7A1-AE02-4D97-BBD9-10ECA52775D3}"
EndProject
Global
	GlobalSection(SolutionConfigurationPlatforms) = preSolution
		Debug|Any CPU = Debug|Any CPU
		Release|Any CPU = Release|Any CPU
	EndGlobalSection
	GlobalSection(ProjectConfigurationPlatforms) = postSolution
		{22E9AA9B-CE97-4640-BC1E-F206FF43A613}.Debug|Any CPU.ActiveCfg = Debug|Any CPU
		{22E9AA9B-CE97-4640-BC1E-F206FF43A613}.Debug|Any CPU.Build.0 = Debug|Any CPU
		{22E9AA9B-CE97-4640-BC1E-F206FF43A613}.Release|Any CPU.ActiveCfg = Release|Any CPU
		{22E9AA9B-CE97-4640-BC1E-F206FF43A613}.Release|Any CPU.Build.0 = Release|Any CPU
		{49CCE7A1-AE02-4D97-BBD9-10ECA52775D3}.Debug|Any CPU.ActiveCfg = Debug|Any CPU
		{49CCE7A1-AE02-4D97-BBD9-10ECA52775D3}.Debug|Any CPU.Build.0 = Debug|Any CPU
		{49CCE7A1-AE02-4D97-BBD9-10ECA52775D3}.Release|Any CPU.ActiveCfg = Release|Any CPU
		{49CCE7A1-AE02-4D97-BBD9-10ECA52775D3}.Release|Any CPU.Build.0 = Release|Any CPU
	EndGlobalSection
	GlobalSection(SolutionProperties) = preSolution
		HideSolutionNode = FALSE
	EndGlobalSection
EndGlobal
